
Microsoft Visual Studio Solution File, Format Version 12.00
# Visual Studio Version 17
VisualStudioVersion = 17.4.33213.308
MinimumVisualStudioVersion = 10.0.40219.1
Project("{9A19103F-16F7-4668-BE54-9A1E7A4F7556}") = "Product.Dto", "Product.Dto\Product.Dto.csproj", "{260B36F0-9EFE-4381-8AF5-B41C1D0F2383}"
EndProject
Project("{2150E333-8FDC-42A3-9474-1A3956D46DE8}") = "ProductService", "ProductService", "{FA1595D2-2D0D-42E3-A6F7-CBECBEA838D7}"
EndProject
Project("{9A19103F-16F7-4668-BE54-9A1E7A4F7556}") = "Product.Entity", "Product.Entity\Product.Entity.csproj", "{275B63C1-6D53-474C-ACC4-5E04D2DC62EC}"
EndProject
Project("{9A19103F-16F7-4668-BE54-9A1E7A4F7556}") = "Product.Interface", "Product.Interface\Product.Interface.csproj", "{8036622F-A6C8-420B-B8CA-AF5C242D2A77}"
EndProject
Project("{9A19103F-16F7-4668-BE54-9A1E7A4F7556}") = "Product.Service", "Product.Service\Product.Service.csproj", "{70D0953C-C4E3-4D4B-AF5F-6556AEE9647D}"
EndProject
Project("{9A19103F-16F7-4668-BE54-9A1E7A4F7556}") = "Product.Api", "Product.Api\Product.Api.csproj", "{581B29BA-3372-4329-A6B3-D9F9ED8D0BB9}"
EndProject
Project("{9A19103F-16F7-4668-BE54-9A1E7A4F7556}") = "Product.Business", "Product.Business\Product.Business.csproj", "{38298C23-DC4A-4E66-B435-5A41458331CA}"
EndProject
Project("{2150E333-8FDC-42A3-9474-1A3956D46DE8}") = "Commons", "Commons", "{1DE56D78-77CE-4415-A25B-EFAA8AF7DA56}"
EndProject
Project("{9A19103F-16F7-4668-BE54-9A1E7A4F7556}") = "Commons", "Commons\Commons.csproj", "{F90065DD-17CF-4C78-BDD9-B952D834232F}"
EndProject
Project("{2150E333-8FDC-42A3-9474-1A3956D46DE8}") = "UsersService", "UsersService", "{366AC78C-4185-4373-9E2A-85E7E9C19F68}"
EndProject
Project("{FAE04EC0-301F-11D3-BF4B-00C04F79EFBC}") = "Users.Api", "Users.Api\Users.Api.csproj", "{A88B485D-BE32-4D90-8055-C20BA2907024}"
EndProject
Project("{FAE04EC0-301F-11D3-BF4B-00C04F79EFBC}") = "Users.Business", "Users.Business\Users.Business.csproj", "{979348B6-6811-4C60-BBB5-9F7E4CAD4B77}"
EndProject
Project("{FAE04EC0-301F-11D3-BF4B-00C04F79EFBC}") = "Users.Dto", "Users.Dto\Users.Dto.csproj", "{F2A559F0-07F1-4CC1-BF7F-B886D6B86F1C}"
EndProject
Project("{FAE04EC0-301F-11D3-BF4B-00C04F79EFBC}") = "Users.Entity", "Users.Entity\Users.Entity.csproj", "{98944501-97B7-4057-96FB-892D2E522741}"
EndProject
Project("{FAE04EC0-301F-11D3-BF4B-00C04F79EFBC}") = "Users.Interfaces", "Users.Interfaces\Users.Interfaces.csproj", "{BA93E106-752D-4CD7-AA5C-B4AEAA1EED08}"
EndProject
Project("{FAE04EC0-301F-11D3-BF4B-00C04F79EFBC}") = "Users.Services", "Users.Services\Users.Services.csproj", "{40DB4B36-0CF3-4647-9AB6-5F51973B67A8}"
EndProject
Global
	GlobalSection(SolutionConfigurationPlatforms) = preSolution
		Debug|Any CPU = Debug|Any CPU
		Release|Any CPU = Release|Any CPU
	EndGlobalSection
	GlobalSection(ProjectConfigurationPlatforms) = postSolution
		{260B36F0-9EFE-4381-8AF5-B41C1D0F2383}.Debug|Any CPU.ActiveCfg = Debug|Any CPU
		{260B36F0-9EFE-4381-8AF5-B41C1D0F2383}.Debug|Any CPU.Build.0 = Debug|Any CPU
		{260B36F0-9EFE-4381-8AF5-B41C1D0F2383}.Release|Any CPU.ActiveCfg = Release|Any CPU
		{260B36F0-9EFE-4381-8AF5-B41C1D0F2383}.Release|Any CPU.Build.0 = Release|Any CPU
		{275B63C1-6D53-474C-ACC4-5E04D2DC62EC}.Debug|Any CPU.ActiveCfg = Debug|Any CPU
		{275B63C1-6D53-474C-ACC4-5E04D2DC62EC}.Debug|Any CPU.Build.0 = Debug|Any CPU
		{275B63C1-6D53-474C-ACC4-5E04D2DC62EC}.Release|Any CPU.ActiveCfg = Release|Any CPU
		{275B63C1-6D53-474C-ACC4-5E04D2DC62EC}.Release|Any CPU.Build.0 = Release|Any CPU
		{8036622F-A6C8-420B-B8CA-AF5C242D2A77}.Debug|Any CPU.ActiveCfg = Debug|Any CPU
		{8036622F-A6C8-420B-B8CA-AF5C242D2A77}.Debug|Any CPU.Build.0 = Debug|Any CPU
		{8036622F-A6C8-420B-B8CA-AF5C242D2A77}.Release|Any CPU.ActiveCfg = Release|Any CPU
		{8036622F-A6C8-420B-B8CA-AF5C242D2A77}.Release|Any CPU.Build.0 = Release|Any CPU
		{70D0953C-C4E3-4D4B-AF5F-6556AEE9647D}.Debug|Any CPU.ActiveCfg = Debug|Any CPU
		{70D0953C-C4E3-4D4B-AF5F-6556AEE9647D}.Debug|Any CPU.Build.0 = Debug|Any CPU
		{70D0953C-C4E3-4D4B-AF5F-6556AEE9647D}.Release|Any CPU.ActiveCfg = Release|Any CPU
		{70D0953C-C4E3-4D4B-AF5F-6556AEE9647D}.Release|Any CPU.Build.0 = Release|Any CPU
		{581B29BA-3372-4329-A6B3-D9F9ED8D0BB9}.Debug|Any CPU.ActiveCfg = Debug|Any CPU
		{581B29BA-3372-4329-A6B3-D9F9ED8D0BB9}.Debug|Any CPU.Build.0 = Debug|Any CPU
		{581B29BA-3372-4329-A6B3-D9F9ED8D0BB9}.Release|Any CPU.ActiveCfg = Release|Any CPU
		{581B29BA-3372-4329-A6B3-D9F9ED8D0BB9}.Release|Any CPU.Build.0 = Release|Any CPU
		{38298C23-DC4A-4E66-B435-5A41458331CA}.Debug|Any CPU.ActiveCfg = Debug|Any CPU
		{38298C23-DC4A-4E66-B435-5A41458331CA}.Debug|Any CPU.Build.0 = Debug|Any CPU
		{38298C23-DC4A-4E66-B435-5A41458331CA}.Release|Any CPU.ActiveCfg = Release|Any CPU
		{38298C23-DC4A-4E66-B435-5A41458331CA}.Release|Any CPU.Build.0 = Release|Any CPU
		{F90065DD-17CF-4C78-BDD9-B952D834232F}.Debug|Any CPU.ActiveCfg = Debug|Any CPU
		{F90065DD-17CF-4C78-BDD9-B952D834232F}.Debug|Any CPU.Build.0 = Debug|Any CPU
		{F90065DD-17CF-4C78-BDD9-B952D834232F}.Release|Any CPU.ActiveCfg = Release|Any CPU
		{F90065DD-17CF-4C78-BDD9-B952D834232F}.Release|Any CPU.Build.0 = Release|Any CPU
		{A88B485D-BE32-4D90-8055-C20BA2907024}.Debug|Any CPU.ActiveCfg = Debug|Any CPU
		{A88B485D-BE32-4D90-8055-C20BA2907024}.Debug|Any CPU.Build.0 = Debug|Any CPU
		{A88B485D-BE32-4D90-8055-C20BA2907024}.Release|Any CPU.ActiveCfg = Release|Any CPU
		{A88B485D-BE32-4D90-8055-C20BA2907024}.Release|Any CPU.Build.0 = Release|Any CPU
		{979348B6-6811-4C60-BBB5-9F7E4CAD4B77}.Debug|Any CPU.ActiveCfg = Debug|Any CPU
		{979348B6-6811-4C60-BBB5-9F7E4CAD4B77}.Debug|Any CPU.Build.0 = Debug|Any CPU
		{979348B6-6811-4C60-BBB5-9F7E4CAD4B77}.Release|Any CPU.ActiveCfg = Release|Any CPU
		{979348B6-6811-4C60-BBB5-9F7E4CAD4B77}.Release|Any CPU.Build.0 = Release|Any CPU
		{F2A559F0-07F1-4CC1-BF7F-B886D6B86F1C}.Debug|Any CPU.ActiveCfg = Debug|Any CPU
		{F2A559F0-07F1-4CC1-BF7F-B886D6B86F1C}.Debug|Any CPU.Build.0 = Debug|Any CPU
		{F2A559F0-07F1-4CC1-BF7F-B886D6B86F1C}.Release|Any CPU.ActiveCfg = Release|Any CPU
		{F2A559F0-07F1-4CC1-BF7F-B886D6B86F1C}.Release|Any CPU.Build.0 = Release|Any CPU
		{98944501-97B7-4057-96FB-892D2E522741}.Debug|Any CPU.ActiveCfg = Debug|Any CPU
		{98944501-97B7-4057-96FB-892D2E522741}.Debug|Any CPU.Build.0 = Debug|Any CPU
		{98944501-97B7-4057-96FB-892D2E522741}.Release|Any CPU.ActiveCfg = Release|Any CPU
		{98944501-97B7-4057-96FB-892D2E522741}.Release|Any CPU.Build.0 = Release|Any CPU
		{BA93E106-752D-4CD7-AA5C-B4AEAA1EED08}.Debug|Any CPU.ActiveCfg = Debug|Any CPU
		{BA93E106-752D-4CD7-AA5C-B4AEAA1EED08}.Debug|Any CPU.Build.0 = Debug|Any CPU
		{BA93E106-752D-4CD7-AA5C-B4AEAA1EED08}.Release|Any CPU.ActiveCfg = Release|Any CPU
		{BA93E106-752D-4CD7-AA5C-B4AEAA1EED08}.Release|Any CPU.Build.0 = Release|Any CPU
		{40DB4B36-0CF3-4647-9AB6-5F51973B67A8}.Debug|Any CPU.ActiveCfg = Debug|Any CPU
		{40DB4B36-0CF3-4647-9AB6-5F51973B67A8}.Debug|Any CPU.Build.0 = Debug|Any CPU
		{40DB4B36-0CF3-4647-9AB6-5F51973B67A8}.Release|Any CPU.ActiveCfg = Release|Any CPU
		{40DB4B36-0CF3-4647-9AB6-5F51973B67A8}.Release|Any CPU.Build.0 = Release|Any CPU
	EndGlobalSection
	GlobalSection(SolutionProperties) = preSolution
		HideSolutionNode = FALSE
	EndGlobalSection
	GlobalSection(NestedProjects) = preSolution
		{260B36F0-9EFE-4381-8AF5-B41C1D0F2383} = {FA1595D2-2D0D-42E3-A6F7-CBECBEA838D7}
		{275B63C1-6D53-474C-ACC4-5E04D2DC62EC} = {FA1595D2-2D0D-42E3-A6F7-CBECBEA838D7}
		{8036622F-A6C8-420B-B8CA-AF5C242D2A77} = {FA1595D2-2D0D-42E3-A6F7-CBECBEA838D7}
		{70D0953C-C4E3-4D4B-AF5F-6556AEE9647D} = {FA1595D2-2D0D-42E3-A6F7-CBECBEA838D7}
		{581B29BA-3372-4329-A6B3-D9F9ED8D0BB9} = {FA1595D2-2D0D-42E3-A6F7-CBECBEA838D7}
		{38298C23-DC4A-4E66-B435-5A41458331CA} = {FA1595D2-2D0D-42E3-A6F7-CBECBEA838D7}
		{F90065DD-17CF-4C78-BDD9-B952D834232F} = {1DE56D78-77CE-4415-A25B-EFAA8AF7DA56}
		{A88B485D-BE32-4D90-8055-C20BA2907024} = {366AC78C-4185-4373-9E2A-85E7E9C19F68}
		{979348B6-6811-4C60-BBB5-9F7E4CAD4B77} = {366AC78C-4185-4373-9E2A-85E7E9C19F68}
		{F2A559F0-07F1-4CC1-BF7F-B886D6B86F1C} = {366AC78C-4185-4373-9E2A-85E7E9C19F68}
		{98944501-97B7-4057-96FB-892D2E522741} = {366AC78C-4185-4373-9E2A-85E7E9C19F68}
		{BA93E106-752D-4CD7-AA5C-B4AEAA1EED08} = {366AC78C-4185-4373-9E2A-85E7E9C19F68}
		{40DB4B36-0CF3-4647-9AB6-5F51973B67A8} = {366AC78C-4185-4373-9E2A-85E7E9C19F68}
	EndGlobalSection
	GlobalSection(ExtensibilityGlobals) = postSolution
		SolutionGuid = {CABB4B55-2808-4164-ACD3-F8352ABF1B23}
	EndGlobalSection
EndGlobal
